
Microsoft Visual Studio Solution File, Format Version 12.00
# Visual Studio 15
VisualStudioVersion = 15.0.28307.489
MinimumVisualStudioVersion = 10.0.40219.1
Project("{FAE04EC0-301F-11D3-BF4B-00C04F79EFBC}") = "StudentWeb", "StudentWeb\StudentWeb.csproj", "{59A6756C-D5FB-4BA1-BA9A-EA235D310C47}"
EndProject
Project("{9A19103F-16F7-4668-BE54-9A1E7A4F7556}") = "BLL", "BLL\BLL.csproj", "{2132F279-3131-484F-BD45-A37F79A00391}"
EndProject
Project("{9A19103F-16F7-4668-BE54-9A1E7A4F7556}") = "DAL", "DAL\DAL.csproj", "{F644CA07-0CB7-463F-AE0F-841AA1C81DC9}"
EndProject
Global
	GlobalSection(SolutionConfigurationPlatforms) = preSolution
		Debug|Any CPU = Debug|Any CPU
		Release|Any CPU = Release|Any CPU
	EndGlobalSection
	GlobalSection(ProjectConfigurationPlatforms) = postSolution
		{59A6756C-D5FB-4BA1-BA9A-EA235D310C47}.Debug|Any CPU.ActiveCfg = Debug|Any CPU
		{59A6756C-D5FB-4BA1-BA9A-EA235D310C47}.Debug|Any CPU.Build.0 = Debug|Any CPU
		{59A6756C-D5FB-4BA1-BA9A-EA235D310C47}.Release|Any CPU.ActiveCfg = Release|Any CPU
		{59A6756C-D5FB-4BA1-BA9A-EA235D310C47}.Release|Any CPU.Build.0 = Release|Any CPU
		{2132F279-3131-484F-BD45-A37F79A00391}.Debug|Any CPU.ActiveCfg = Debug|Any CPU
		{2132F279-3131-484F-BD45-A37F79A00391}.Debug|Any CPU.Build.0 = Debug|Any CPU
		{2132F279-3131-484F-BD45-A37F79A00391}.Release|Any CPU.ActiveCfg = Release|Any CPU
		{2132F279-3131-484F-BD45-A37F79A00391}.Release|Any CPU.Build.0 = Release|Any CPU
		{F644CA07-0CB7-463F-AE0F-841AA1C81DC9}.Debug|Any CPU.ActiveCfg = Debug|Any CPU
		{F644CA07-0CB7-463F-AE0F-841AA1C81DC9}.Debug|Any CPU.Build.0 = Debug|Any CPU
		{F644CA07-0CB7-463F-AE0F-841AA1C81DC9}.Release|Any CPU.ActiveCfg = Release|Any CPU
		{F644CA07-0CB7-463F-AE0F-841AA1C81DC9}.Release|Any CPU.Build.0 = Release|Any CPU
	EndGlobalSection
	GlobalSection(SolutionProperties) = preSolution
		HideSolutionNode = FALSE
	EndGlobalSection
	GlobalSection(ExtensibilityGlobals) = postSolution
		SolutionGuid = {2BD9AD23-1335-4925-B3EE-F8C2134B7250}
	EndGlobalSection
EndGlobal
